// !$*UTF8*$!
{
	archiveVersion = 1;
	classes = {
	};
	objectVersion = 56;
	objects = {

/* Begin PBXBuildFile section */
		F77A18352B805518003AA7FF /* WeatherView.swift in Sources */ = {isa = PBXBuildFile; fileRef = F77A18342B805518003AA7FF /* WeatherView.swift */; };
		F77A18372B8055E0003AA7FF /* ModelData.swift in Sources */ = {isa = PBXBuildFile; fileRef = F77A18362B8055E0003AA7FF /* ModelData.swift */; };
		F77A18392B805639003AA7FF /* weatherData.json in Resources */ = {isa = PBXBuildFile; fileRef = F77A18382B805639003AA7FF /* weatherData.json */; };
		F77A183B2B805B50003AA7FF /* Extensions.swift in Sources */ = {isa = PBXBuildFile; fileRef = F77A183A2B805B50003AA7FF /* Extensions.swift */; };
		F77A183E2B8127D6003AA7FF /* WeatherRow.swift in Sources */ = {isa = PBXBuildFile; fileRef = F77A183D2B8127D6003AA7FF /* WeatherRow.swift */; };
		F7AA39FE2B7DD12300673914 /* WeatherDemoApp.swift in Sources */ = {isa = PBXBuildFile; fileRef = F7AA39FD2B7DD12300673914 /* WeatherDemoApp.swift */; };
		F7AA3A002B7DD12300673914 /* ContentView.swift in Sources */ = {isa = PBXBuildFile; fileRef = F7AA39FF2B7DD12300673914 /* ContentView.swift */; };
		F7AA3A022B7DD12400673914 /* Assets.xcassets in Resources */ = {isa = PBXBuildFile; fileRef = F7AA3A012B7DD12400673914 /* Assets.xcassets */; };
		F7AA3A062B7DD12400673914 /* Preview Assets.xcassets in Resources */ = {isa = PBXBuildFile; fileRef = F7AA3A052B7DD12400673914 /* Preview Assets.xcassets */; };
		F7AA3A0E2B7DD79800673914 /* LocationManager.swift in Sources */ = {isa = PBXBuildFile; fileRef = F7AA3A0D2B7DD79800673914 /* LocationManager.swift */; };
		F7AA3A112B7DD9F300673914 /* WelcomeView.swift in Sources */ = {isa = PBXBuildFile; fileRef = F7AA3A102B7DD9F300673914 /* WelcomeView.swift */; };
		F7AA3A132B7DED7F00673914 /* LoadingView.swift in Sources */ = {isa = PBXBuildFile; fileRef = F7AA3A122B7DED7F00673914 /* LoadingView.swift */; };
		F7AA3A152B7EAF3900673914 /* WeatherManager.swift in Sources */ = {isa = PBXBuildFile; fileRef = F7AA3A142B7EAF3900673914 /* WeatherManager.swift */; };
/* End PBXBuildFile section */

/* Begin PBXFileReference section */
		F77A18342B805518003AA7FF /* WeatherView.swift */ = {isa = PBXFileReference; lastKnownFileType = sourcecode.swift; path = WeatherView.swift; sourceTree = "<group>"; };
		F77A18362B8055E0003AA7FF /* ModelData.swift */ = {isa = PBXFileReference; lastKnownFileType = sourcecode.swift; path = ModelData.swift; sourceTree = "<group>"; };
		F77A18382B805639003AA7FF /* weatherData.json */ = {isa = PBXFileReference; lastKnownFileType = text.json; path = weatherData.json; sourceTree = "<group>"; };
		F77A183A2B805B50003AA7FF /* Extensions.swift */ = {isa = PBXFileReference; lastKnownFileType = sourcecode.swift; path = Extensions.swift; sourceTree = "<group>"; };
		F77A183D2B8127D6003AA7FF /* WeatherRow.swift */ = {isa = PBXFileReference; lastKnownFileType = sourcecode.swift; path = WeatherRow.swift; sourceTree = "<group>"; };
		F7AA39FA2B7DD12300673914 /* WeatherDemo.app */ = {isa = PBXFileReference; explicitFileType = wrapper.application; includeInIndex = 0; path = WeatherDemo.app; sourceTree = BUILT_PRODUCTS_DIR; };
		F7AA39FD2B7DD12300673914 /* WeatherDemoApp.swift */ = {isa = PBXFileReference; lastKnownFileType = sourcecode.swift; path = WeatherDemoApp.swift; sourceTree = "<group>"; };
		F7AA39FF2B7DD12300673914 /* ContentView.swift */ = {isa = PBXFileReference; lastKnownFileType = sourcecode.swift; path = ContentView.swift; sourceTree = "<group>"; };
		F7AA3A012B7DD12400673914 /* Assets.xcassets */ = {isa = PBXFileReference; lastKnownFileType = folder.assetcatalog; path = Assets.xcassets; sourceTree = "<group>"; };
		F7AA3A032B7DD12400673914 /* WeatherDemo.entitlements */ = {isa = PBXFileReference; lastKnownFileType = text.plist.entitlements; path = WeatherDemo.entitlements; sourceTree = "<group>"; };
		F7AA3A052B7DD12400673914 /* Preview Assets.xcassets */ = {isa = PBXFileReference; lastKnownFileType = folder.assetcatalog; path = "Preview Assets.xcassets"; sourceTree = "<group>"; };
		F7AA3A0D2B7DD79800673914 /* LocationManager.swift */ = {isa = PBXFileReference; lastKnownFileType = sourcecode.swift; path = LocationManager.swift; sourceTree = "<group>"; };
		F7AA3A102B7DD9F300673914 /* WelcomeView.swift */ = {isa = PBXFileReference; lastKnownFileType = sourcecode.swift; path = WelcomeView.swift; sourceTree = "<group>"; };
		F7AA3A122B7DED7F00673914 /* LoadingView.swift */ = {isa = PBXFileReference; lastKnownFileType = sourcecode.swift; path = LoadingView.swift; sourceTree = "<group>"; };
		F7AA3A142B7EAF3900673914 /* WeatherManager.swift */ = {isa = PBXFileReference; lastKnownFileType = sourcecode.swift; path = WeatherManager.swift; sourceTree = "<group>"; };
/* End PBXFileReference section */

/* Begin PBXFrameworksBuildPhase section */
		F7AA39F72B7DD12300673914 /* Frameworks */ = {
			isa = PBXFrameworksBuildPhase;
			buildActionMask = 2147483647;
			files = (
			);
			runOnlyForDeploymentPostprocessing = 0;
		};
/* End PBXFrameworksBuildPhase section */

/* Begin PBXGroup section */
		F77A183C2B8127A1003AA7FF /* Components */ = {
			isa = PBXGroup;
			children = (
				F77A183D2B8127D6003AA7FF /* WeatherRow.swift */,
			);
			path = Components;
			sourceTree = "<group>";
		};
		F7AA39F12B7DD12300673914 = {
			isa = PBXGroup;
			children = (
				F7AA39FC2B7DD12300673914 /* WeatherDemo */,
				F7AA39FB2B7DD12300673914 /* Products */,
			);
			sourceTree = "<group>";
		};
		F7AA39FB2B7DD12300673914 /* Products */ = {
			isa = PBXGroup;
			children = (
				F7AA39FA2B7DD12300673914 /* WeatherDemo.app */,
			);
			name = Products;
			sourceTree = "<group>";
		};
		F7AA39FC2B7DD12300673914 /* WeatherDemo */ = {
			isa = PBXGroup;
			children = (
				F7AA3A0F2B7DD96200673914 /* Views */,
				F7AA3A0C2B7DD75400673914 /* Managers */,
				F7AA39FD2B7DD12300673914 /* WeatherDemoApp.swift */,
				F77A183C2B8127A1003AA7FF /* Components */,
				F7AA3A012B7DD12400673914 /* Assets.xcassets */,
				F7AA3A032B7DD12400673914 /* WeatherDemo.entitlements */,
				F7AA3A042B7DD12400673914 /* Preview Content */,
				F77A183A2B805B50003AA7FF /* Extensions.swift */,
			);
			path = WeatherDemo;
			sourceTree = "<group>";
		};
		F7AA3A042B7DD12400673914 /* Preview Content */ = {
			isa = PBXGroup;
			children = (
				F7AA3A052B7DD12400673914 /* Preview Assets.xcassets */,
				F77A18362B8055E0003AA7FF /* ModelData.swift */,
				F77A18382B805639003AA7FF /* weatherData.json */,
			);
			path = "Preview Content";
			sourceTree = "<group>";
		};
		F7AA3A0C2B7DD75400673914 /* Managers */ = {
			isa = PBXGroup;
			children = (
				F7AA3A0D2B7DD79800673914 /* LocationManager.swift */,
				F7AA3A142B7EAF3900673914 /* WeatherManager.swift */,
			);
			path = Managers;
			sourceTree = "<group>";
		};
		F7AA3A0F2B7DD96200673914 /* Views */ = {
			isa = PBXGroup;
			children = (
				F7AA39FF2B7DD12300673914 /* ContentView.swift */,
				F7AA3A102B7DD9F300673914 /* WelcomeView.swift */,
				F7AA3A122B7DED7F00673914 /* LoadingView.swift */,
				F77A18342B805518003AA7FF /* WeatherView.swift */,
			);
			path = Views;
			sourceTree = "<group>";
		};
/* End PBXGroup section */

/* Begin PBXNativeTarget section */
		F7AA39F92B7DD12300673914 /* WeatherDemo */ = {
			isa = PBXNativeTarget;
			buildConfigurationList = F7AA3A092B7DD12400673914 /* Build configuration list for PBXNativeTarget "WeatherDemo" */;
			buildPhases = (
				F7AA39F62B7DD12300673914 /* Sources */,
				F7AA39F72B7DD12300673914 /* Frameworks */,
				F7AA39F82B7DD12300673914 /* Resources */,
			);
			buildRules = (
			);
			dependencies = (
			);
			name = WeatherDemo;
			productName = WeatherDemo;
			productReference = F7AA39FA2B7DD12300673914 /* WeatherDemo.app */;
			productType = "com.apple.product-type.application";
		};
/* End PBXNativeTarget section */

/* Begin PBXProject section */
		F7AA39F22B7DD12300673914 /* Project object */ = {
			isa = PBXProject;
			attributes = {
				BuildIndependentTargetsInParallel = 1;
				LastSwiftUpdateCheck = 1430;
				LastUpgradeCheck = 1430;
				TargetAttributes = {
					F7AA39F92B7DD12300673914 = {
						CreatedOnToolsVersion = 14.3.1;
					};
				};
			};
			buildConfigurationList = F7AA39F52B7DD12300673914 /* Build configuration list for PBXProject "WeatherDemo" */;
			compatibilityVersion = "Xcode 14.0";
			developmentRegion = en;
			hasScannedForEncodings = 0;
			knownRegions = (
				en,
				Base,
			);
			mainGroup = F7AA39F12B7DD12300673914;
			productRefGroup = F7AA39FB2B7DD12300673914 /* Products */;
			projectDirPath = "";
			projectRoot = "";
			targets = (
				F7AA39F92B7DD12300673914 /* WeatherDemo */,
			);
		};
/* End PBXProject section */

/* Begin PBXResourcesBuildPhase section */
		F7AA39F82B7DD12300673914 /* Resources */ = {
			isa = PBXResourcesBuildPhase;
			buildActionMask = 2147483647;
			files = (
				F7AA3A062B7DD12400673914 /* Preview Assets.xcassets in Resources */,
				F77A18392B805639003AA7FF /* weatherData.json in Resources */,
				F7AA3A022B7DD12400673914 /* Assets.xcassets in Resources */,
			);
			runOnlyForDeploymentPostprocessing = 0;
		};
/* End PBXResourcesBuildPhase section */

/* Begin PBXSourcesBuildPhase section */
		F7AA39F62B7DD12300673914 /* Sources */ = {
			isa = PBXSourcesBuildPhase;
			buildActionMask = 2147483647;
			files = (
				F7AA3A152B7EAF3900673914 /* WeatherManager.swift in Sources */,
				F7AA3A002B7DD12300673914 /* ContentView.swift in Sources */,
				F7AA39FE2B7DD12300673914 /* WeatherDemoApp.swift in Sources */,
				F7AA3A0E2B7DD79800673914 /* LocationManager.swift in Sources */,
				F7AA3A132B7DED7F00673914 /* LoadingView.swift in Sources */,
				F77A183E2B8127D6003AA7FF /* WeatherRow.swift in Sources */,
				F77A183B2B805B50003AA7FF /* Extensions.swift in Sources */,
				F77A18372B8055E0003AA7FF /* ModelData.swift in Sources */,
				F77A18352B805518003AA7FF /* WeatherView.swift in Sources */,
				F7AA3A112B7DD9F300673914 /* WelcomeView.swift in Sources */,
			);
			runOnlyForDeploymentPostprocessing = 0;
		};
/* End PBXSourcesBuildPhase section */

/* Begin XCBuildConfiguration section */
		F7AA3A072B7DD12400673914 /* Debug */ = {
			isa = XCBuildConfiguration;
			buildSettings = {
				ALWAYS_SEARCH_USER_PATHS = NO;
				CLANG_ANALYZER_NONNULL = YES;
				CLANG_ANALYZER_NUMBER_OBJECT_CONVERSION = YES_AGGRESSIVE;
				CLANG_CXX_LANGUAGE_STANDARD = "gnu++20";
				CLANG_ENABLE_MODULES = YES;
				CLANG_ENABLE_OBJC_ARC = YES;
				CLANG_ENABLE_OBJC_WEAK = YES;
				CLANG_WARN_BLOCK_CAPTURE_AUTORELEASING = YES;
				CLANG_WARN_BOOL_CONVERSION = YES;
				CLANG_WARN_COMMA = YES;
				CLANG_WARN_CONSTANT_CONVERSION = YES;
				CLANG_WARN_DEPRECATED_OBJC_IMPLEMENTATIONS = YES;
				CLANG_WARN_DIRECT_OBJC_ISA_USAGE = YES_ERROR;
				CLANG_WARN_DOCUMENTATION_COMMENTS = YES;
				CLANG_WARN_EMPTY_BODY = YES;
				CLANG_WARN_ENUM_CONVERSION = YES;
				CLANG_WARN_INFINITE_RECURSION = YES;
				CLANG_WARN_INT_CONVERSION = YES;
				CLANG_WARN_NON_LITERAL_NULL_CONVERSION = YES;
				CLANG_WARN_OBJC_IMPLICIT_RETAIN_SELF = YES;
				CLANG_WARN_OBJC_LITERAL_CONVERSION = YES;
				CLANG_WARN_OBJC_ROOT_CLASS = YES_ERROR;
				CLANG_WARN_QUOTED_INCLUDE_IN_FRAMEWORK_HEADER = YES;
				CLANG_WARN_RANGE_LOOP_ANALYSIS = YES;
				CLANG_WARN_STRICT_PROTOTYPES = YES;
				CLANG_WARN_SUSPICIOUS_MOVE = YES;
				CLANG_WARN_UNGUARDED_AVAILABILITY = YES_AGGRESSIVE;
				CLANG_WARN_UNREACHABLE_CODE = YES;
				CLANG_WARN__DUPLICATE_METHOD_MATCH = YES;
				COPY_PHASE_STRIP = NO;
				DEBUG_INFORMATION_FORMAT = dwarf;
				ENABLE_STRICT_OBJC_MSGSEND = YES;
				ENABLE_TESTABILITY = YES;
				GCC_C_LANGUAGE_STANDARD = gnu11;
				GCC_DYNAMIC_NO_PIC = NO;
				GCC_NO_COMMON_BLOCKS = YES;
				GCC_OPTIMIZATION_LEVEL = 0;
				GCC_PREPROCESSOR_DEFINITIONS = (
					"DEBUG=1",
					"$(inherited)",
				);
				GCC_WARN_64_TO_32_BIT_CONVERSION = YES;
				GCC_WARN_ABOUT_RETURN_TYPE = YES_ERROR;
				GCC_WARN_UNDECLARED_SELECTOR = YES;
				GCC_WARN_UNINITIALIZED_AUTOS = YES_AGGRESSIVE;
				GCC_WARN_UNUSED_FUNCTION = YES;
				GCC_WARN_UNUSED_VARIABLE = YES;
				MTL_ENABLE_DEBUG_INFO = INCLUDE_SOURCE;
				MTL_FAST_MATH = YES;
				ONLY_ACTIVE_ARCH = YES;
				SWIFT_ACTIVE_COMPILATION_CONDITIONS = DEBUG;
				SWIFT_OPTIMIZATION_LEVEL = "-Onone";
			};
			name = Debug;
		};
		F7AA3A082B7DD12400673914 /* Release */ = {
			isa = XCBuildConfiguration;
			buildSettings = {
				ALWAYS_SEARCH_USER_PATHS = NO;
				CLANG_ANALYZER_NONNULL = YES;
				CLANG_ANALYZER_NUMBER_OBJECT_CONVERSION = YES_AGGRESSIVE;
				CLANG_CXX_LANGUAGE_STANDARD = "gnu++20";
				CLANG_ENABLE_MODULES = YES;
				CLANG_ENABLE_OBJC_ARC = YES;
				CLANG_ENABLE_OBJC_WEAK = YES;
				CLANG_WARN_BLOCK_CAPTURE_AUTORELEASING = YES;
				CLANG_WARN_BOOL_CONVERSION = YES;
				CLANG_WARN_COMMA = YES;
				CLANG_WARN_CONSTANT_CONVERSION = YES;
				CLANG_WARN_DEPRECATED_OBJC_IMPLEMENTATIONS = YES;
				CLANG_WARN_DIRECT_OBJC_ISA_USAGE = YES_ERROR;
				CLANG_WARN_DOCUMENTATION_COMMENTS = YES;
				CLANG_WARN_EMPTY_BODY = YES;
				CLANG_WARN_ENUM_CONVERSION = YES;
				CLANG_WARN_INFINITE_RECURSION = YES;
				CLANG_WARN_INT_CONVERSION = YES;
				CLANG_WARN_NON_LITERAL_NULL_CONVERSION = YES;
				CLANG_WARN_OBJC_IMPLICIT_RETAIN_SELF = YES;
				CLANG_WARN_OBJC_LITERAL_CONVERSION = YES;
				CLANG_WARN_OBJC_ROOT_CLASS = YES_ERROR;
				CLANG_WARN_QUOTED_INCLUDE_IN_FRAMEWORK_HEADER = YES;
				CLANG_WARN_RANGE_LOOP_ANALYSIS = YES;
				CLANG_WARN_STRICT_PROTOTYPES = YES;
				CLANG_WARN_SUSPICIOUS_MOVE = YES;
				CLANG_WARN_UNGUARDED_AVAILABILITY = YES_AGGRESSIVE;
				CLANG_WARN_UNREACHABLE_CODE = YES;
				CLANG_WARN__DUPLICATE_METHOD_MATCH = YES;
				COPY_PHASE_STRIP = NO;
				DEBUG_INFORMATION_FORMAT = "dwarf-with-dsym";
				ENABLE_NS_ASSERTIONS = NO;
				ENABLE_STRICT_OBJC_MSGSEND = YES;
				GCC_C_LANGUAGE_STANDARD = gnu11;
				GCC_NO_COMMON_BLOCKS = YES;
				GCC_WARN_64_TO_32_BIT_CONVERSION = YES;
				GCC_WARN_ABOUT_RETURN_TYPE = YES_ERROR;
				GCC_WARN_UNDECLARED_SELECTOR = YES;
				GCC_WARN_UNINITIALIZED_AUTOS = YES_AGGRESSIVE;
				GCC_WARN_UNUSED_FUNCTION = YES;
				GCC_WARN_UNUSED_VARIABLE = YES;
				MTL_ENABLE_DEBUG_INFO = NO;
				MTL_FAST_MATH = YES;
				SWIFT_COMPILATION_MODE = wholemodule;
				SWIFT_OPTIMIZATION_LEVEL = "-O";
			};
			name = Release;
		};
		F7AA3A0A2B7DD12400673914 /* Debug */ = {
			isa = XCBuildConfiguration;
			buildSettings = {
				ASSETCATALOG_COMPILER_APPICON_NAME = AppIcon;
				ASSETCATALOG_COMPILER_GLOBAL_ACCENT_COLOR_NAME = AccentColor;
				CODE_SIGN_ENTITLEMENTS = WeatherDemo/WeatherDemo.entitlements;
				CODE_SIGN_STYLE = Automatic;
				CURRENT_PROJECT_VERSION = 1;
				DEVELOPMENT_ASSET_PATHS = "\"WeatherDemo/Preview Content\"";
				DEVELOPMENT_TEAM = 3J3S9N4V27;
				ENABLE_HARDENED_RUNTIME = YES;
				ENABLE_PREVIEWS = YES;
				GENERATE_INFOPLIST_FILE = YES;
				"INFOPLIST_KEY_UIApplicationSceneManifest_Generation[sdk=iphoneos*]" = YES;
				"INFOPLIST_KEY_UIApplicationSceneManifest_Generation[sdk=iphonesimulator*]" = YES;
				"INFOPLIST_KEY_UIApplicationSupportsIndirectInputEvents[sdk=iphoneos*]" = YES;
				"INFOPLIST_KEY_UIApplicationSupportsIndirectInputEvents[sdk=iphonesimulator*]" = YES;
				"INFOPLIST_KEY_UILaunchScreen_Generation[sdk=iphoneos*]" = YES;
				"INFOPLIST_KEY_UILaunchScreen_Generation[sdk=iphonesimulator*]" = YES;
				"INFOPLIST_KEY_UIStatusBarStyle[sdk=iphoneos*]" = UIStatusBarStyleDefault;
				"INFOPLIST_KEY_UIStatusBarStyle[sdk=iphonesimulator*]" = UIStatusBarStyleDefault;
				INFOPLIST_KEY_UISupportedInterfaceOrientations_iPad = "UIInterfaceOrientationPortrait UIInterfaceOrientationPortraitUpsideDown UIInterfaceOrientationLandscapeLeft UIInterfaceOrientationLandscapeRight";
				INFOPLIST_KEY_UISupportedInterfaceOrientations_iPhone = "UIInterfaceOrientationPortrait UIInterfaceOrientationLandscapeLeft UIInterfaceOrientationLandscapeRight";
				IPHONEOS_DEPLOYMENT_TARGET = 16.4;
				LD_RUNPATH_SEARCH_PATHS = "@executable_path/Frameworks";
				"LD_RUNPATH_SEARCH_PATHS[sdk=macosx*]" = "@executable_path/../Frameworks";
				MACOSX_DEPLOYMENT_TARGET = 13.3;
				MARKETING_VERSION = 1.0;
				PRODUCT_BUNDLE_IDENTIFIER = codewithyahya.WeatherDemo;
				PRODUCT_NAME = "$(TARGET_NAME)";
				SDKROOT = auto;
				SUPPORTED_PLATFORMS = "iphoneos iphonesimulator macosx";
				SWIFT_EMIT_LOC_STRINGS = YES;
				SWIFT_VERSION = 5.0;
				TARGETED_DEVICE_FAMILY = "1,2";
			};
			name = Debug;
		};
		F7AA3A0B2B7DD12400673914 /* Release */ = {
			isa = XCBuildConfiguration;
			buildSettings = {
				ASSETCATALOG_COMPILER_APPICON_NAME = AppIcon;
				ASSETCATALOG_COMPILER_GLOBAL_ACCENT_COLOR_NAME = AccentColor;
				CODE_SIGN_ENTITLEMENTS = WeatherDemo/WeatherDemo.entitlements;
				CODE_SIGN_STYLE = Automatic;
				CURRENT_PROJECT_VERSION = 1;
				DEVELOPMENT_ASSET_PATHS = "\"WeatherDemo/Preview Content\"";
				DEVELOPMENT_TEAM = 3J3S9N4V27;
				ENABLE_HARDENED_RUNTIME = YES;
				ENABLE_PREVIEWS = YES;
				GENERATE_INFOPLIST_FILE = YES;
				"INFOPLIST_KEY_UIApplicationSceneManifest_Generation[sdk=iphoneos*]" = YES;
				"INFOPLIST_KEY_UIApplicationSceneManifest_Generation[sdk=iphonesimulator*]" = YES;
				"INFOPLIST_KEY_UIApplicationSupportsIndirectInputEvents[sdk=iphoneos*]" = YES;
				"INFOPLIST_KEY_UIApplicationSupportsIndirectInputEvents[sdk=iphonesimulator*]" = YES;
				"INFOPLIST_KEY_UILaunchScreen_Generation[sdk=iphoneos*]" = YES;
				"INFOPLIST_KEY_UILaunchScreen_Generation[sdk=iphonesimulator*]" = YES;
				"INFOPLIST_KEY_UIStatusBarStyle[sdk=iphoneos*]" = UIStatusBarStyleDefault;
				"INFOPLIST_KEY_UIStatusBarStyle[sdk=iphonesimulator*]" = UIStatusBarStyleDefault;
				INFOPLIST_KEY_UISupportedInterfaceOrientations_iPad = "UIInterfaceOrientationPortrait UIInterfaceOrientationPortraitUpsideDown UIInterfaceOrientationLandscapeLeft UIInterfaceOrientationLandscapeRight";
				INFOPLIST_KEY_UISupportedInterfaceOrientations_iPhone = "UIInterfaceOrientationPortrait UIInterfaceOrientationLandscapeLeft UIInterfaceOrientationLandscapeRight";
				IPHONEOS_DEPLOYMENT_TARGET = 16.4;
				LD_RUNPATH_SEARCH_PATHS = "@executable_path/Frameworks";
				"LD_RUNPATH_SEARCH_PATHS[sdk=macosx*]" = "@executable_path/../Frameworks";
				MACOSX_DEPLOYMENT_TARGET = 13.3;
				MARKETING_VERSION = 1.0;
				PRODUCT_BUNDLE_IDENTIFIER = codewithyahya.WeatherDemo;
				PRODUCT_NAME = "$(TARGET_NAME)";
				SDKROOT = auto;
				SUPPORTED_PLATFORMS = "iphoneos iphonesimulator macosx";
				SWIFT_EMIT_LOC_STRINGS = YES;
				SWIFT_VERSION = 5.0;
				TARGETED_DEVICE_FAMILY = "1,2";
			};
			name = Release;
		};
/* End XCBuildConfiguration section */

/* Begin XCConfigurationList section */
		F7AA39F52B7DD12300673914 /* Build configuration list for PBXProject "WeatherDemo" */ = {
			isa = XCConfigurationList;
			buildConfigurations = (
				F7AA3A072B7DD12400673914 /* Debug */,
				F7AA3A082B7DD12400673914 /* Release */,
			);
			defaultConfigurationIsVisible = 0;
			defaultConfigurationName = Release;
		};
		F7AA3A092B7DD12400673914 /* Build configuration list for PBXNativeTarget "WeatherDemo" */ = {
			isa = XCConfigurationList;
			buildConfigurations = (
				F7AA3A0A2B7DD12400673914 /* Debug */,
				F7AA3A0B2B7DD12400673914 /* Release */,
			);
			defaultConfigurationIsVisible = 0;
			defaultConfigurationName = Release;
		};
/* End XCConfigurationList section */
	};
	rootObject = F7AA39F22B7DD12300673914 /* Project object */;
}
